
Microsoft Visual Studio Solution File, Format Version 12.00
# Visual Studio Version 16
VisualStudioVersion = 16.0.31112.23
MinimumVisualStudioVersion = 10.0.40219.1
Project("{FAE04EC0-301F-11D3-BF4B-00C04F79EFBC}") = "Aula78", "Aula78.csproj", "{B9BCA4BE-1DDC-4A7B-A5D3-F1AB802F29F7}"
EndProject
Global
	GlobalSection(SolutionConfigurationPlatforms) = preSolution
		Debug|Any CPU = Debug|Any CPU
		Release|Any CPU = Release|Any CPU
	EndGlobalSection
	GlobalSection(ProjectConfigurationPlatforms) = postSolution
		{B9BCA4BE-1DDC-4A7B-A5D3-F1AB802F29F7}.Debug|Any CPU.ActiveCfg = Debug|Any CPU
		{B9BCA4BE-1DDC-4A7B-A5D3-F1AB802F29F7}.Debug|Any CPU.Build.0 = Debug|Any CPU
		{B9BCA4BE-1DDC-4A7B-A5D3-F1AB802F29F7}.Release|Any CPU.ActiveCfg = Release|Any CPU
		{B9BCA4BE-1DDC-4A7B-A5D3-F1AB802F29F7}.Release|Any CPU.Build.0 = Release|Any CPU
	EndGlobalSection
	GlobalSection(SolutionProperties) = preSolution
		HideSolutionNode = FALSE
	EndGlobalSection
	GlobalSection(ExtensibilityGlobals) = postSolution
		SolutionGuid = {88CDD137-70E6-4346-ABF7-6681760D0440}
	EndGlobalSection
EndGlobal
