
Microsoft Visual Studio Solution File, Format Version 12.00
# Visual Studio Version 16
VisualStudioVersion = 16.0.31112.23
MinimumVisualStudioVersion = 10.0.40219.1
Project("{FAE04EC0-301F-11D3-BF4B-00C04F79EFBC}") = "Aula 81", "Aula 81.csproj", "{D10F0813-1306-46B6-A672-E313C633931E}"
EndProject
Global
	GlobalSection(SolutionConfigurationPlatforms) = preSolution
		Debug|Any CPU = Debug|Any CPU
		Release|Any CPU = Release|Any CPU
	EndGlobalSection
	GlobalSection(ProjectConfigurationPlatforms) = postSolution
		{D10F0813-1306-46B6-A672-E313C633931E}.Debug|Any CPU.ActiveCfg = Debug|Any CPU
		{D10F0813-1306-46B6-A672-E313C633931E}.Debug|Any CPU.Build.0 = Debug|Any CPU
		{D10F0813-1306-46B6-A672-E313C633931E}.Release|Any CPU.ActiveCfg = Release|Any CPU
		{D10F0813-1306-46B6-A672-E313C633931E}.Release|Any CPU.Build.0 = Release|Any CPU
	EndGlobalSection
	GlobalSection(SolutionProperties) = preSolution
		HideSolutionNode = FALSE
	EndGlobalSection
	GlobalSection(ExtensibilityGlobals) = postSolution
		SolutionGuid = {D937D361-B623-4921-8EF7-1620CC6D2AA3}
	EndGlobalSection
EndGlobal
