
Microsoft Visual Studio Solution File, Format Version 12.00
# Visual Studio Version 17
VisualStudioVersion = 17.2.32519.379
MinimumVisualStudioVersion = 10.0.40219.1
Project("{FAE04EC0-301F-11D3-BF4B-00C04F79EFBC}") = "Withdraw", "Withdraw.csproj", "{EB581022-DAD5-48AA-BFF8-EBEA136696A0}"
EndProject
Global
	GlobalSection(SolutionConfigurationPlatforms) = preSolution
		Debug|Any CPU = Debug|Any CPU
		Release|Any CPU = Release|Any CPU
	EndGlobalSection
	GlobalSection(ProjectConfigurationPlatforms) = postSolution
		{EB581022-DAD5-48AA-BFF8-EBEA136696A0}.Debug|Any CPU.ActiveCfg = Debug|Any CPU
		{EB581022-DAD5-48AA-BFF8-EBEA136696A0}.Debug|Any CPU.Build.0 = Debug|Any CPU
		{EB581022-DAD5-48AA-BFF8-EBEA136696A0}.Release|Any CPU.ActiveCfg = Release|Any CPU
		{EB581022-DAD5-48AA-BFF8-EBEA136696A0}.Release|Any CPU.Build.0 = Release|Any CPU
	EndGlobalSection
	GlobalSection(SolutionProperties) = preSolution
		HideSolutionNode = FALSE
	EndGlobalSection
	GlobalSection(ExtensibilityGlobals) = postSolution
		SolutionGuid = {EBECE919-C385-448E-B3BB-C9E20043E125}
	EndGlobalSection
EndGlobal
