
Microsoft Visual Studio Solution File, Format Version 12.00
# Visual Studio Version 16
VisualStudioVersion = 16.0.31112.23
MinimumVisualStudioVersion = 10.0.40219.1
Project("{FAE04EC0-301F-11D3-BF4B-00C04F79EFBC}") = "Aula71", "Aula71.csproj", "{A70ACB23-9492-4EA1-9910-68B24C9CD429}"
EndProject
Global
	GlobalSection(SolutionConfigurationPlatforms) = preSolution
		Debug|Any CPU = Debug|Any CPU
		Release|Any CPU = Release|Any CPU
	EndGlobalSection
	GlobalSection(ProjectConfigurationPlatforms) = postSolution
		{A70ACB23-9492-4EA1-9910-68B24C9CD429}.Debug|Any CPU.ActiveCfg = Debug|Any CPU
		{A70ACB23-9492-4EA1-9910-68B24C9CD429}.Debug|Any CPU.Build.0 = Debug|Any CPU
		{A70ACB23-9492-4EA1-9910-68B24C9CD429}.Release|Any CPU.ActiveCfg = Release|Any CPU
		{A70ACB23-9492-4EA1-9910-68B24C9CD429}.Release|Any CPU.Build.0 = Release|Any CPU
	EndGlobalSection
	GlobalSection(SolutionProperties) = preSolution
		HideSolutionNode = FALSE
	EndGlobalSection
	GlobalSection(ExtensibilityGlobals) = postSolution
		SolutionGuid = {7C0CBF25-7FF4-46E2-ABEF-8FFDB295AEBD}
	EndGlobalSection
EndGlobal
